// !$*UTF8*$!
{
	archiveVersion = 1;
	classes = {
	};
	objectVersion = 50;
	objects = {

/* Begin PBXBuildFile section */
		497BC2C2260E90DD00C9DB93 /* Color.xcassets in Resources */ = {isa = PBXBuildFile; fileRef = 497BC2C1260E90DD00C9DB93 /* Color.xcassets */; };
		497BC2CA260E9AFB00C9DB93 /* HomeViewController.swift in Sources */ = {isa = PBXBuildFile; fileRef = 497BC2C9260E9AFB00C9DB93 /* HomeViewController.swift */; };
		497BC2D2260EA12A00C9DB93 /* DetailControllerViewModel.swift in Sources */ = {isa = PBXBuildFile; fileRef = 497BC2D1260EA12A00C9DB93 /* DetailControllerViewModel.swift */; };
		497BC2D6260EA26800C9DB93 /* DetailsAPIManager.swift in Sources */ = {isa = PBXBuildFile; fileRef = 497BC2D5260EA26800C9DB93 /* DetailsAPIManager.swift */; };
		497BC2E0260EB53800C9DB93 /* TrueCaller10thCharacterModel.swift in Sources */ = {isa = PBXBuildFile; fileRef = 497BC2DF260EB53800C9DB93 /* TrueCaller10thCharacterModel.swift */; };
		497BC2E3260EB54500C9DB93 /* TrueCallerEvery10thCharacterModel.swift in Sources */ = {isa = PBXBuildFile; fileRef = 497BC2E2260EB54500C9DB93 /* TrueCallerEvery10thCharacterModel.swift */; };
		497BC2E6260EB55900C9DB93 /* TrueCallerWordCounterModel.swift in Sources */ = {isa = PBXBuildFile; fileRef = 497BC2E5260EB55900C9DB93 /* TrueCallerWordCounterModel.swift */; };
		497BC2F0260EBED500C9DB93 /* DetailsViewController.swift in Sources */ = {isa = PBXBuildFile; fileRef = 497BC2EE260EBED500C9DB93 /* DetailsViewController.swift */; };
		497BC2F1260EBED500C9DB93 /* DetailsViewController.xib in Resources */ = {isa = PBXBuildFile; fileRef = 497BC2EF260EBED500C9DB93 /* DetailsViewController.xib */; };
		497BC2F7260EC2DA00C9DB93 /* Extensions.swift in Sources */ = {isa = PBXBuildFile; fileRef = 497BC2F6260EC2DA00C9DB93 /* Extensions.swift */; };
		49F53750260CF381006E4A9A /* AppDelegate.swift in Sources */ = {isa = PBXBuildFile; fileRef = 49F5374F260CF381006E4A9A /* AppDelegate.swift */; };
		49F53752260CF381006E4A9A /* SceneDelegate.swift in Sources */ = {isa = PBXBuildFile; fileRef = 49F53751260CF381006E4A9A /* SceneDelegate.swift */; };
		49F53757260CF381006E4A9A /* Main.storyboard in Resources */ = {isa = PBXBuildFile; fileRef = 49F53755260CF381006E4A9A /* Main.storyboard */; };
		49F53759260CF384006E4A9A /* Assets.xcassets in Resources */ = {isa = PBXBuildFile; fileRef = 49F53758260CF384006E4A9A /* Assets.xcassets */; };
		49F5375C260CF384006E4A9A /* LaunchScreen.storyboard in Resources */ = {isa = PBXBuildFile; fileRef = 49F5375A260CF384006E4A9A /* LaunchScreen.storyboard */; };
/* End PBXBuildFile section */

/* Begin PBXFileReference section */
		497BC2C1260E90DD00C9DB93 /* Color.xcassets */ = {isa = PBXFileReference; lastKnownFileType = folder.assetcatalog; path = Color.xcassets; sourceTree = "<group>"; };
		497BC2C9260E9AFB00C9DB93 /* HomeViewController.swift */ = {isa = PBXFileReference; lastKnownFileType = sourcecode.swift; path = HomeViewController.swift; sourceTree = "<group>"; };
		497BC2D1260EA12A00C9DB93 /* DetailControllerViewModel.swift */ = {isa = PBXFileReference; lastKnownFileType = sourcecode.swift; path = DetailControllerViewModel.swift; sourceTree = "<group>"; };
		497BC2D5260EA26800C9DB93 /* DetailsAPIManager.swift */ = {isa = PBXFileReference; lastKnownFileType = sourcecode.swift; path = DetailsAPIManager.swift; sourceTree = "<group>"; };
		497BC2DF260EB53800C9DB93 /* TrueCaller10thCharacterModel.swift */ = {isa = PBXFileReference; lastKnownFileType = sourcecode.swift; path = TrueCaller10thCharacterModel.swift; sourceTree = "<group>"; };
		497BC2E2260EB54500C9DB93 /* TrueCallerEvery10thCharacterModel.swift */ = {isa = PBXFileReference; lastKnownFileType = sourcecode.swift; path = TrueCallerEvery10thCharacterModel.swift; sourceTree = "<group>"; };
		497BC2E5260EB55900C9DB93 /* TrueCallerWordCounterModel.swift */ = {isa = PBXFileReference; lastKnownFileType = sourcecode.swift; path = TrueCallerWordCounterModel.swift; sourceTree = "<group>"; };
		497BC2EE260EBED500C9DB93 /* DetailsViewController.swift */ = {isa = PBXFileReference; lastKnownFileType = sourcecode.swift; path = DetailsViewController.swift; sourceTree = "<group>"; };
		497BC2EF260EBED500C9DB93 /* DetailsViewController.xib */ = {isa = PBXFileReference; lastKnownFileType = file.xib; path = DetailsViewController.xib; sourceTree = "<group>"; };
		497BC2F6260EC2DA00C9DB93 /* Extensions.swift */ = {isa = PBXFileReference; lastKnownFileType = sourcecode.swift; path = Extensions.swift; sourceTree = "<group>"; };
		49F5374C260CF381006E4A9A /* TrueCaller.app */ = {isa = PBXFileReference; explicitFileType = wrapper.application; includeInIndex = 0; path = TrueCaller.app; sourceTree = BUILT_PRODUCTS_DIR; };
		49F5374F260CF381006E4A9A /* AppDelegate.swift */ = {isa = PBXFileReference; lastKnownFileType = sourcecode.swift; path = AppDelegate.swift; sourceTree = "<group>"; };
		49F53751260CF381006E4A9A /* SceneDelegate.swift */ = {isa = PBXFileReference; lastKnownFileType = sourcecode.swift; path = SceneDelegate.swift; sourceTree = "<group>"; };
		49F53756260CF381006E4A9A /* Base */ = {isa = PBXFileReference; lastKnownFileType = file.storyboard; name = Base; path = Base.lproj/Main.storyboard; sourceTree = "<group>"; };
		49F53758260CF384006E4A9A /* Assets.xcassets */ = {isa = PBXFileReference; lastKnownFileType = folder.assetcatalog; path = Assets.xcassets; sourceTree = "<group>"; };
		49F5375B260CF384006E4A9A /* Base */ = {isa = PBXFileReference; lastKnownFileType = file.storyboard; name = Base; path = Base.lproj/LaunchScreen.storyboard; sourceTree = "<group>"; };
		49F5375D260CF384006E4A9A /* Info.plist */ = {isa = PBXFileReference; lastKnownFileType = text.plist.xml; path = Info.plist; sourceTree = "<group>"; };
/* End PBXFileReference section */

/* Begin PBXFrameworksBuildPhase section */
		49F53749260CF381006E4A9A /* Frameworks */ = {
			isa = PBXFrameworksBuildPhase;
			buildActionMask = 2147483647;
			files = (
			);
			runOnlyForDeploymentPostprocessing = 0;
		};
/* End PBXFrameworksBuildPhase section */

/* Begin PBXGroup section */
		497BC2C5260E9AA400C9DB93 /* View */ = {
			isa = PBXGroup;
			children = (
				497BC2C9260E9AFB00C9DB93 /* HomeViewController.swift */,
				497BC2EE260EBED500C9DB93 /* DetailsViewController.swift */,
				497BC2EF260EBED500C9DB93 /* DetailsViewController.xib */,
			);
			path = View;
			sourceTree = "<group>";
		};
		497BC2C7260E9AC500C9DB93 /* Model */ = {
			isa = PBXGroup;
			children = (
				497BC2DF260EB53800C9DB93 /* TrueCaller10thCharacterModel.swift */,
				497BC2E2260EB54500C9DB93 /* TrueCallerEvery10thCharacterModel.swift */,
				497BC2E5260EB55900C9DB93 /* TrueCallerWordCounterModel.swift */,
			);
			path = Model;
			sourceTree = "<group>";
		};
		497BC2C8260E9AD800C9DB93 /* ViewModel */ = {
			isa = PBXGroup;
			children = (
				497BC2D1260EA12A00C9DB93 /* DetailControllerViewModel.swift */,
			);
			path = ViewModel;
			sourceTree = "<group>";
		};
		497BC2D4260EA1ED00C9DB93 /* EndPoint */ = {
			isa = PBXGroup;
			children = (
				497BC2D5260EA26800C9DB93 /* DetailsAPIManager.swift */,
			);
			path = EndPoint;
			sourceTree = "<group>";
		};
		497BC2F5260EC2C800C9DB93 /* Extension */ = {
			isa = PBXGroup;
			children = (
				497BC2F6260EC2DA00C9DB93 /* Extensions.swift */,
			);
			path = Extension;
			sourceTree = "<group>";
		};
		49F53743260CF381006E4A9A = {
			isa = PBXGroup;
			children = (
				49F5374E260CF381006E4A9A /* TrueCaller */,
				49F5374D260CF381006E4A9A /* Products */,
			);
			sourceTree = "<group>";
		};
		49F5374D260CF381006E4A9A /* Products */ = {
			isa = PBXGroup;
			children = (
				49F5374C260CF381006E4A9A /* TrueCaller.app */,
			);
			name = Products;
			sourceTree = "<group>";
		};
		49F5374E260CF381006E4A9A /* TrueCaller */ = {
			isa = PBXGroup;
			children = (
				497BC2F5260EC2C800C9DB93 /* Extension */,
				497BC2D4260EA1ED00C9DB93 /* EndPoint */,
				497BC2C7260E9AC500C9DB93 /* Model */,
				497BC2C5260E9AA400C9DB93 /* View */,
				497BC2C8260E9AD800C9DB93 /* ViewModel */,
				49F5374F260CF381006E4A9A /* AppDelegate.swift */,
				49F53751260CF381006E4A9A /* SceneDelegate.swift */,
				49F53755260CF381006E4A9A /* Main.storyboard */,
				49F5375A260CF384006E4A9A /* LaunchScreen.storyboard */,
				49F5375D260CF384006E4A9A /* Info.plist */,
				49F53758260CF384006E4A9A /* Assets.xcassets */,
				497BC2C1260E90DD00C9DB93 /* Color.xcassets */,
			);
			path = TrueCaller;
			sourceTree = "<group>";
		};
/* End PBXGroup section */

/* Begin PBXNativeTarget section */
		49F5374B260CF381006E4A9A /* TrueCaller */ = {
			isa = PBXNativeTarget;
			buildConfigurationList = 49F53760260CF384006E4A9A /* Build configuration list for PBXNativeTarget "TrueCaller" */;
			buildPhases = (
				49F53748260CF381006E4A9A /* Sources */,
				49F53749260CF381006E4A9A /* Frameworks */,
				49F5374A260CF381006E4A9A /* Resources */,
			);
			buildRules = (
			);
			dependencies = (
			);
			name = TrueCaller;
			productName = TrueCaller;
			productReference = 49F5374C260CF381006E4A9A /* TrueCaller.app */;
			productType = "com.apple.product-type.application";
		};
/* End PBXNativeTarget section */

/* Begin PBXProject section */
		49F53744260CF381006E4A9A /* Project object */ = {
			isa = PBXProject;
			attributes = {
				LastSwiftUpdateCheck = 1220;
				LastUpgradeCheck = 1220;
				TargetAttributes = {
					49F5374B260CF381006E4A9A = {
						CreatedOnToolsVersion = 12.2;
					};
				};
			};
			buildConfigurationList = 49F53747260CF381006E4A9A /* Build configuration list for PBXProject "TrueCaller" */;
			compatibilityVersion = "Xcode 9.3";
			developmentRegion = en;
			hasScannedForEncodings = 0;
			knownRegions = (
				en,
				Base,
			);
			mainGroup = 49F53743260CF381006E4A9A;
			productRefGroup = 49F5374D260CF381006E4A9A /* Products */;
			projectDirPath = "";
			projectRoot = "";
			targets = (
				49F5374B260CF381006E4A9A /* TrueCaller */,
			);
		};
/* End PBXProject section */

/* Begin PBXResourcesBuildPhase section */
		49F5374A260CF381006E4A9A /* Resources */ = {
			isa = PBXResourcesBuildPhase;
			buildActionMask = 2147483647;
			files = (
				49F5375C260CF384006E4A9A /* LaunchScreen.storyboard in Resources */,
				497BC2C2260E90DD00C9DB93 /* Color.xcassets in Resources */,
				49F53759260CF384006E4A9A /* Assets.xcassets in Resources */,
				49F53757260CF381006E4A9A /* Main.storyboard in Resources */,
				497BC2F1260EBED500C9DB93 /* DetailsViewController.xib in Resources */,
			);
			runOnlyForDeploymentPostprocessing = 0;
		};
/* End PBXResourcesBuildPhase section */

/* Begin PBXSourcesBuildPhase section */
		49F53748260CF381006E4A9A /* Sources */ = {
			isa = PBXSourcesBuildPhase;
			buildActionMask = 2147483647;
			files = (
				497BC2E6260EB55900C9DB93 /* TrueCallerWordCounterModel.swift in Sources */,
				49F53750260CF381006E4A9A /* AppDelegate.swift in Sources */,
				497BC2D2260EA12A00C9DB93 /* DetailControllerViewModel.swift in Sources */,
				49F53752260CF381006E4A9A /* SceneDelegate.swift in Sources */,
				497BC2E3260EB54500C9DB93 /* TrueCallerEvery10thCharacterModel.swift in Sources */,
				497BC2F7260EC2DA00C9DB93 /* Extensions.swift in Sources */,
				497BC2CA260E9AFB00C9DB93 /* HomeViewController.swift in Sources */,
				497BC2D6260EA26800C9DB93 /* DetailsAPIManager.swift in Sources */,
				497BC2E0260EB53800C9DB93 /* TrueCaller10thCharacterModel.swift in Sources */,
				497BC2F0260EBED500C9DB93 /* DetailsViewController.swift in Sources */,
			);
			runOnlyForDeploymentPostprocessing = 0;
		};
/* End PBXSourcesBuildPhase section */

/* Begin PBXVariantGroup section */
		49F53755260CF381006E4A9A /* Main.storyboard */ = {
			isa = PBXVariantGroup;
			children = (
				49F53756260CF381006E4A9A /* Base */,
			);
			name = Main.storyboard;
			sourceTree = "<group>";
		};
		49F5375A260CF384006E4A9A /* LaunchScreen.storyboard */ = {
			isa = PBXVariantGroup;
			children = (
				49F5375B260CF384006E4A9A /* Base */,
			);
			name = LaunchScreen.storyboard;
			sourceTree = "<group>";
		};
/* End PBXVariantGroup section */

/* Begin XCBuildConfiguration section */
		49F5375E260CF384006E4A9A /* Debug */ = {
			isa = XCBuildConfiguration;
			buildSettings = {
				ALWAYS_SEARCH_USER_PATHS = NO;
				CLANG_ANALYZER_NONNULL = YES;
				CLANG_ANALYZER_NUMBER_OBJECT_CONVERSION = YES_AGGRESSIVE;
				CLANG_CXX_LANGUAGE_STANDARD = "gnu++14";
				CLANG_CXX_LIBRARY = "libc++";
				CLANG_ENABLE_MODULES = YES;
				CLANG_ENABLE_OBJC_ARC = YES;
				CLANG_ENABLE_OBJC_WEAK = YES;
				CLANG_WARN_BLOCK_CAPTURE_AUTORELEASING = YES;
				CLANG_WARN_BOOL_CONVERSION = YES;
				CLANG_WARN_COMMA = YES;
				CLANG_WARN_CONSTANT_CONVERSION = YES;
				CLANG_WARN_DEPRECATED_OBJC_IMPLEMENTATIONS = YES;
				CLANG_WARN_DIRECT_OBJC_ISA_USAGE = YES_ERROR;
				CLANG_WARN_DOCUMENTATION_COMMENTS = YES;
				CLANG_WARN_EMPTY_BODY = YES;
				CLANG_WARN_ENUM_CONVERSION = YES;
				CLANG_WARN_INFINITE_RECURSION = YES;
				CLANG_WARN_INT_CONVERSION = YES;
				CLANG_WARN_NON_LITERAL_NULL_CONVERSION = YES;
				CLANG_WARN_OBJC_IMPLICIT_RETAIN_SELF = YES;
				CLANG_WARN_OBJC_LITERAL_CONVERSION = YES;
				CLANG_WARN_OBJC_ROOT_CLASS = YES_ERROR;
				CLANG_WARN_QUOTED_INCLUDE_IN_FRAMEWORK_HEADER = YES;
				CLANG_WARN_RANGE_LOOP_ANALYSIS = YES;
				CLANG_WARN_STRICT_PROTOTYPES = YES;
				CLANG_WARN_SUSPICIOUS_MOVE = YES;
				CLANG_WARN_UNGUARDED_AVAILABILITY = YES_AGGRESSIVE;
				CLANG_WARN_UNREACHABLE_CODE = YES;
				CLANG_WARN__DUPLICATE_METHOD_MATCH = YES;
				COPY_PHASE_STRIP = NO;
				DEBUG_INFORMATION_FORMAT = dwarf;
				ENABLE_STRICT_OBJC_MSGSEND = YES;
				ENABLE_TESTABILITY = YES;
				GCC_C_LANGUAGE_STANDARD = gnu11;
				GCC_DYNAMIC_NO_PIC = NO;
				GCC_NO_COMMON_BLOCKS = YES;
				GCC_OPTIMIZATION_LEVEL = 0;
				GCC_PREPROCESSOR_DEFINITIONS = (
					"DEBUG=1",
					"$(inherited)",
				);
				GCC_WARN_64_TO_32_BIT_CONVERSION = YES;
				GCC_WARN_ABOUT_RETURN_TYPE = YES_ERROR;
				GCC_WARN_UNDECLARED_SELECTOR = YES;
				GCC_WARN_UNINITIALIZED_AUTOS = YES_AGGRESSIVE;
				GCC_WARN_UNUSED_FUNCTION = YES;
				GCC_WARN_UNUSED_VARIABLE = YES;
				IPHONEOS_DEPLOYMENT_TARGET = 14.2;
				MTL_ENABLE_DEBUG_INFO = INCLUDE_SOURCE;
				MTL_FAST_MATH = YES;
				ONLY_ACTIVE_ARCH = YES;
				SDKROOT = iphoneos;
				SWIFT_ACTIVE_COMPILATION_CONDITIONS = DEBUG;
				SWIFT_OPTIMIZATION_LEVEL = "-Onone";
			};
			name = Debug;
		};
		49F5375F260CF384006E4A9A /* Release */ = {
			isa = XCBuildConfiguration;
			buildSettings = {
				ALWAYS_SEARCH_USER_PATHS = NO;
				CLANG_ANALYZER_NONNULL = YES;
				CLANG_ANALYZER_NUMBER_OBJECT_CONVERSION = YES_AGGRESSIVE;
				CLANG_CXX_LANGUAGE_STANDARD = "gnu++14";
				CLANG_CXX_LIBRARY = "libc++";
				CLANG_ENABLE_MODULES = YES;
				CLANG_ENABLE_OBJC_ARC = YES;
				CLANG_ENABLE_OBJC_WEAK = YES;
				CLANG_WARN_BLOCK_CAPTURE_AUTORELEASING = YES;
				CLANG_WARN_BOOL_CONVERSION = YES;
				CLANG_WARN_COMMA = YES;
				CLANG_WARN_CONSTANT_CONVERSION = YES;
				CLANG_WARN_DEPRECATED_OBJC_IMPLEMENTATIONS = YES;
				CLANG_WARN_DIRECT_OBJC_ISA_USAGE = YES_ERROR;
				CLANG_WARN_DOCUMENTATION_COMMENTS = YES;
				CLANG_WARN_EMPTY_BODY = YES;
				CLANG_WARN_ENUM_CONVERSION = YES;
				CLANG_WARN_INFINITE_RECURSION = YES;
				CLANG_WARN_INT_CONVERSION = YES;
				CLANG_WARN_NON_LITERAL_NULL_CONVERSION = YES;
				CLANG_WARN_OBJC_IMPLICIT_RETAIN_SELF = YES;
				CLANG_WARN_OBJC_LITERAL_CONVERSION = YES;
				CLANG_WARN_OBJC_ROOT_CLASS = YES_ERROR;
				CLANG_WARN_QUOTED_INCLUDE_IN_FRAMEWORK_HEADER = YES;
				CLANG_WARN_RANGE_LOOP_ANALYSIS = YES;
				CLANG_WARN_STRICT_PROTOTYPES = YES;
				CLANG_WARN_SUSPICIOUS_MOVE = YES;
				CLANG_WARN_UNGUARDED_AVAILABILITY = YES_AGGRESSIVE;
				CLANG_WARN_UNREACHABLE_CODE = YES;
				CLANG_WARN__DUPLICATE_METHOD_MATCH = YES;
				COPY_PHASE_STRIP = NO;
				DEBUG_INFORMATION_FORMAT = "dwarf-with-dsym";
				ENABLE_NS_ASSERTIONS = NO;
				ENABLE_STRICT_OBJC_MSGSEND = YES;
				GCC_C_LANGUAGE_STANDARD = gnu11;
				GCC_NO_COMMON_BLOCKS = YES;
				GCC_WARN_64_TO_32_BIT_CONVERSION = YES;
				GCC_WARN_ABOUT_RETURN_TYPE = YES_ERROR;
				GCC_WARN_UNDECLARED_SELECTOR = YES;
				GCC_WARN_UNINITIALIZED_AUTOS = YES_AGGRESSIVE;
				GCC_WARN_UNUSED_FUNCTION = YES;
				GCC_WARN_UNUSED_VARIABLE = YES;
				IPHONEOS_DEPLOYMENT_TARGET = 14.2;
				MTL_ENABLE_DEBUG_INFO = NO;
				MTL_FAST_MATH = YES;
				SDKROOT = iphoneos;
				SWIFT_COMPILATION_MODE = wholemodule;
				SWIFT_OPTIMIZATION_LEVEL = "-O";
				VALIDATE_PRODUCT = YES;
			};
			name = Release;
		};
		49F53761260CF384006E4A9A /* Debug */ = {
			isa = XCBuildConfiguration;
			buildSettings = {
				ASSETCATALOG_COMPILER_APPICON_NAME = AppIcon;
				ASSETCATALOG_COMPILER_GLOBAL_ACCENT_COLOR_NAME = AccentColor;
				CODE_SIGN_STYLE = Automatic;
				INFOPLIST_FILE = TrueCaller/Info.plist;
				LD_RUNPATH_SEARCH_PATHS = (
					"$(inherited)",
					"@executable_path/Frameworks",
				);
				PRODUCT_BUNDLE_IDENTIFIER = com.neeraj.TrueCaller;
				PRODUCT_NAME = "$(TARGET_NAME)";
				SWIFT_VERSION = 5.0;
				TARGETED_DEVICE_FAMILY = "1,2";
			};
			name = Debug;
		};
		49F53762260CF384006E4A9A /* Release */ = {
			isa = XCBuildConfiguration;
			buildSettings = {
				ASSETCATALOG_COMPILER_APPICON_NAME = AppIcon;
				ASSETCATALOG_COMPILER_GLOBAL_ACCENT_COLOR_NAME = AccentColor;
				CODE_SIGN_STYLE = Automatic;
				INFOPLIST_FILE = TrueCaller/Info.plist;
				LD_RUNPATH_SEARCH_PATHS = (
					"$(inherited)",
					"@executable_path/Frameworks",
				);
				PRODUCT_BUNDLE_IDENTIFIER = com.neeraj.TrueCaller;
				PRODUCT_NAME = "$(TARGET_NAME)";
				SWIFT_VERSION = 5.0;
				TARGETED_DEVICE_FAMILY = "1,2";
			};
			name = Release;
		};
/* End XCBuildConfiguration section */

/* Begin XCConfigurationList section */
		49F53747260CF381006E4A9A /* Build configuration list for PBXProject "TrueCaller" */ = {
			isa = XCConfigurationList;
			buildConfigurations = (
				49F5375E260CF384006E4A9A /* Debug */,
				49F5375F260CF384006E4A9A /* Release */,
			);
			defaultConfigurationIsVisible = 0;
			defaultConfigurationName = Release;
		};
		49F53760260CF384006E4A9A /* Build configuration list for PBXNativeTarget "TrueCaller" */ = {
			isa = XCConfigurationList;
			buildConfigurations = (
				49F53761260CF384006E4A9A /* Debug */,
				49F53762260CF384006E4A9A /* Release */,
			);
			defaultConfigurationIsVisible = 0;
			defaultConfigurationName = Release;
		};
/* End XCConfigurationList section */
	};
	rootObject = 49F53744260CF381006E4A9A /* Project object */;
}
